// !$*UTF8*$!
{
	archiveVersion = 1;
	classes = {
	};
	objectVersion = 46;
	objects = {

/* Begin PBXBuildFile section */
		D30197761ACCF6DD00AF466B /* main.m in Sources */ = {isa = PBXBuildFile; fileRef = D30197751ACCF6DD00AF466B /* main.m */; };
		D30197791ACCF6DD00AF466B /* AppDelegate.m in Sources */ = {isa = PBXBuildFile; fileRef = D30197781ACCF6DD00AF466B /* AppDelegate.m */; };
		D301977C1ACCF6DD00AF466B /* background_location_test.xcdatamodeld in Sources */ = {isa = PBXBuildFile; fileRef = D301977A1ACCF6DD00AF466B /* background_location_test.xcdatamodeld */; };
		D30197841ACCF6DD00AF466B /* Images.xcassets in Resources */ = {isa = PBXBuildFile; fileRef = D30197831ACCF6DD00AF466B /* Images.xcassets */; };
		D30197871ACCF6DD00AF466B /* LaunchScreen.xib in Resources */ = {isa = PBXBuildFile; fileRef = D30197851ACCF6DD00AF466B /* LaunchScreen.xib */; };
		D30197931ACCF6DD00AF466B /* background_location_testTests.m in Sources */ = {isa = PBXBuildFile; fileRef = D30197921ACCF6DD00AF466B /* background_location_testTests.m */; };
		D301979E1ACCF8CE00AF466B /* BLTLocationManager.m in Sources */ = {isa = PBXBuildFile; fileRef = D301979D1ACCF8CE00AF466B /* BLTLocationManager.m */; };
		D30197A11ACD011300AF466B /* BLTLocation.m in Sources */ = {isa = PBXBuildFile; fileRef = D30197A01ACD011300AF466B /* BLTLocation.m */; };
		D3099DF21ADB751D00A5C1F5 /* BLTTripTests.m in Sources */ = {isa = PBXBuildFile; fileRef = D3099DF11ADB751D00A5C1F5 /* BLTTripTests.m */; };
		D31D081E1ADA0C22006D95C7 /* BLTStatisticsSummary.m in Sources */ = {isa = PBXBuildFile; fileRef = D31D081D1ADA0C22006D95C7 /* BLTStatisticsSummary.m */; };
		D31D08201ADA0F3F006D95C7 /* BLTStatisticsSummaryTests.m in Sources */ = {isa = PBXBuildFile; fileRef = D31D081F1ADA0F3F006D95C7 /* BLTStatisticsSummaryTests.m */; };
		D31D08261ADAC900006D95C7 /* BLTTripSummaryTableViewCell.m in Sources */ = {isa = PBXBuildFile; fileRef = D31D08251ADAC900006D95C7 /* BLTTripSummaryTableViewCell.m */; };
		D31D08291ADAD2DE006D95C7 /* BLTGroupedItems.m in Sources */ = {isa = PBXBuildFile; fileRef = D31D08281ADAD2DE006D95C7 /* BLTGroupedItems.m */; };
		D31D082B1ADADAB8006D95C7 /* BLTTripGroupsTests.m in Sources */ = {isa = PBXBuildFile; fileRef = D31D082A1ADADAB8006D95C7 /* BLTTripGroupsTests.m */; };
		D33228431B121AC200A9578F /* BLTGraphViewController.m in Sources */ = {isa = PBXBuildFile; fileRef = D33228421B121AC200A9578F /* BLTGraphViewController.m */; };
		D376BB191ACFAB9F00DD5EF1 /* BLTMapViewController.m in Sources */ = {isa = PBXBuildFile; fileRef = D376BB181ACFAB9F00DD5EF1 /* BLTMapViewController.m */; };
		D376BB1B1ACFACBF00DD5EF1 /* MapKit.framework in Frameworks */ = {isa = PBXBuildFile; fileRef = D376BB1A1ACFACBF00DD5EF1 /* MapKit.framework */; };
		D396A48F1ACFB2F40021D0B4 /* BLTTrip.m in Sources */ = {isa = PBXBuildFile; fileRef = D396A48E1ACFB2F40021D0B4 /* BLTTrip.m */; };
		D3A82D261ACD04BA00C030EC /* BLTDatabase.m in Sources */ = {isa = PBXBuildFile; fileRef = D3A82D251ACD04BA00C030EC /* BLTDatabase.m */; };
		D3A82D291ACD05A300C030EC /* BLTLocationsTableViewController.m in Sources */ = {isa = PBXBuildFile; fileRef = D3A82D281ACD05A300C030EC /* BLTLocationsTableViewController.m */; };
		D3A82D2C1ACD142E00C030EC /* BLTVisit.m in Sources */ = {isa = PBXBuildFile; fileRef = D3A82D2B1ACD142E00C030EC /* BLTVisit.m */; };
		D3A82D2F1ACD181200C030EC /* BLTVisitsTableViewController.m in Sources */ = {isa = PBXBuildFile; fileRef = D3A82D2E1ACD181200C030EC /* BLTVisitsTableViewController.m */; };
		D3C9E7681AFFAF7F005C3878 /* BLTFormattingHelpers.m in Sources */ = {isa = PBXBuildFile; fileRef = D3C9E7671AFFAF7F005C3878 /* BLTFormattingHelpers.m */; };
		D3C9E76B1B00FF0A005C3878 /* BLTLocationRecordsTableViewController.m in Sources */ = {isa = PBXBuildFile; fileRef = D3C9E76A1B00FF0A005C3878 /* BLTLocationRecordsTableViewController.m */; };
		D3C9E76E1B030036005C3878 /* BLTLocationSegment.m in Sources */ = {isa = PBXBuildFile; fileRef = D3C9E76D1B030036005C3878 /* BLTLocationSegment.m */; };
		D3C9E7711B0311F5005C3878 /* BLTPlaceVisit.m in Sources */ = {isa = PBXBuildFile; fileRef = D3C9E7701B0311F5005C3878 /* BLTPlaceVisit.m */; };
		D3C9E7741B0315D9005C3878 /* BLTLocationSlidingWindow.m in Sources */ = {isa = PBXBuildFile; fileRef = D3C9E7731B0315D9005C3878 /* BLTLocationSlidingWindow.m */; };
		D3C9E77D1B037C3F005C3878 /* BLTGridStrategy.m in Sources */ = {isa = PBXBuildFile; fileRef = D3C9E77C1B037C3F005C3878 /* BLTGridStrategy.m */; };
		D3D271739FB48C1D416CA6F5 /* libPods-background-location-test.a in Frameworks */ = {isa = PBXBuildFile; fileRef = 39A6383733151521E95DFC69 /* libPods-background-location-test.a */; };
		D3D6F6B51AD1B6FF00EE8723 /* BLTLogRecord.m in Sources */ = {isa = PBXBuildFile; fileRef = D3D6F6B41AD1B6FF00EE8723 /* BLTLogRecord.m */; };
		D3D6F6B81AD1BB4D00EE8723 /* BLTLogRecordsTableViewController.m in Sources */ = {isa = PBXBuildFile; fileRef = D3D6F6B71AD1BB4D00EE8723 /* BLTLogRecordsTableViewController.m */; };
		D3D7BF291AD87BE600BCC4CE /* BLTLocationDataSummary.m in Sources */ = {isa = PBXBuildFile; fileRef = D3D7BF281AD87BE600BCC4CE /* BLTLocationDataSummary.m */; };
		D3DD8DB01AEBEBB1001882D1 /* BLTGridSummariesTableViewController.m in Sources */ = {isa = PBXBuildFile; fileRef = D3DD8DAF1AEBEBB1001882D1 /* BLTGridSummariesTableViewController.m */; };
		D3DD8DB31AEBF0A5001882D1 /* Main.storyboard in Resources */ = {isa = PBXBuildFile; fileRef = D3DD8DB11AEBF0A5001882D1 /* Main.storyboard */; };
		D3F2B8DA1ACFB93E0035E028 /* BLTTripsTableViewController.m in Sources */ = {isa = PBXBuildFile; fileRef = D3F2B8D91ACFB93E0035E028 /* BLTTripsTableViewController.m */; };
		D56C2AB51ADEE7AC00F5899C /* BLTMotionActivity.m in Sources */ = {isa = PBXBuildFile; fileRef = D56C2AB41ADEE7AC00F5899C /* BLTMotionActivity.m */; };
		D56C2AB81ADEEC7100F5899C /* BLTMotionActivitesTableViewController.m in Sources */ = {isa = PBXBuildFile; fileRef = D56C2AB71ADEEC7100F5899C /* BLTMotionActivitesTableViewController.m */; };
		D5B2F5E31ADECD8300D56CD2 /* BLTLocationHelpers.m in Sources */ = {isa = PBXBuildFile; fileRef = D5B2F5E21ADECD8300D56CD2 /* BLTLocationHelpers.m */; };
/* End PBXBuildFile section */

/* Begin PBXContainerItemProxy section */
		D301978D1ACCF6DD00AF466B /* PBXContainerItemProxy */ = {
			isa = PBXContainerItemProxy;
			containerPortal = D30197681ACCF6DD00AF466B /* Project object */;
			proxyType = 1;
			remoteGlobalIDString = D301976F1ACCF6DD00AF466B;
			remoteInfo = "background-location-test";
		};
/* End PBXContainerItemProxy section */

/* Begin PBXFileReference section */
		38D88F8C9A8379324B96003B /* Pods-background-location-test.debug.xcconfig */ = {isa = PBXFileReference; includeInIndex = 1; lastKnownFileType = text.xcconfig; name = "Pods-background-location-test.debug.xcconfig"; path = "Pods/Target Support Files/Pods-background-location-test/Pods-background-location-test.debug.xcconfig"; sourceTree = "<group>"; };
		39A6383733151521E95DFC69 /* libPods-background-location-test.a */ = {isa = PBXFileReference; explicitFileType = archive.ar; includeInIndex = 0; path = "libPods-background-location-test.a"; sourceTree = BUILT_PRODUCTS_DIR; };
		9B37E639C5FA45FC3B609B0A /* Pods-background-location-test.release.xcconfig */ = {isa = PBXFileReference; includeInIndex = 1; lastKnownFileType = text.xcconfig; name = "Pods-background-location-test.release.xcconfig"; path = "Pods/Target Support Files/Pods-background-location-test/Pods-background-location-test.release.xcconfig"; sourceTree = "<group>"; };
		D30197701ACCF6DD00AF466B /* background-location-test.app */ = {isa = PBXFileReference; explicitFileType = wrapper.application; includeInIndex = 0; path = "background-location-test.app"; sourceTree = BUILT_PRODUCTS_DIR; };
		D30197741ACCF6DD00AF466B /* Info.plist */ = {isa = PBXFileReference; lastKnownFileType = text.plist.xml; path = Info.plist; sourceTree = "<group>"; };
		D30197751ACCF6DD00AF466B /* main.m */ = {isa = PBXFileReference; lastKnownFileType = sourcecode.c.objc; path = main.m; sourceTree = "<group>"; };
		D30197771ACCF6DD00AF466B /* AppDelegate.h */ = {isa = PBXFileReference; lastKnownFileType = sourcecode.c.h; path = AppDelegate.h; sourceTree = "<group>"; };
		D30197781ACCF6DD00AF466B /* AppDelegate.m */ = {isa = PBXFileReference; lastKnownFileType = sourcecode.c.objc; path = AppDelegate.m; sourceTree = "<group>"; };
		D301977B1ACCF6DD00AF466B /* background_location_test.xcdatamodel */ = {isa = PBXFileReference; lastKnownFileType = wrapper.xcdatamodel; path = background_location_test.xcdatamodel; sourceTree = "<group>"; };
		D30197831ACCF6DD00AF466B /* Images.xcassets */ = {isa = PBXFileReference; lastKnownFileType = folder.assetcatalog; path = Images.xcassets; sourceTree = "<group>"; };
		D30197861ACCF6DD00AF466B /* Base */ = {isa = PBXFileReference; lastKnownFileType = file.xib; name = Base; path = Base.lproj/LaunchScreen.xib; sourceTree = "<group>"; };
		D301978C1ACCF6DD00AF466B /* background-location-testTests.xctest */ = {isa = PBXFileReference; explicitFileType = wrapper.cfbundle; includeInIndex = 0; path = "background-location-testTests.xctest"; sourceTree = BUILT_PRODUCTS_DIR; };
		D30197911ACCF6DD00AF466B /* Info.plist */ = {isa = PBXFileReference; lastKnownFileType = text.plist.xml; path = Info.plist; sourceTree = "<group>"; };
		D30197921ACCF6DD00AF466B /* background_location_testTests.m */ = {isa = PBXFileReference; lastKnownFileType = sourcecode.c.objc; path = background_location_testTests.m; sourceTree = "<group>"; };
		D301979C1ACCF8CE00AF466B /* BLTLocationManager.h */ = {isa = PBXFileReference; fileEncoding = 4; lastKnownFileType = sourcecode.c.h; path = BLTLocationManager.h; sourceTree = "<group>"; };
		D301979D1ACCF8CE00AF466B /* BLTLocationManager.m */ = {isa = PBXFileReference; fileEncoding = 4; lastKnownFileType = sourcecode.c.objc; path = BLTLocationManager.m; sourceTree = "<group>"; };
		D301979F1ACD011300AF466B /* BLTLocation.h */ = {isa = PBXFileReference; fileEncoding = 4; lastKnownFileType = sourcecode.c.h; path = BLTLocation.h; sourceTree = "<group>"; };
		D30197A01ACD011300AF466B /* BLTLocation.m */ = {isa = PBXFileReference; fileEncoding = 4; lastKnownFileType = sourcecode.c.objc; path = BLTLocation.m; sourceTree = "<group>"; };
		D3099DF11ADB751D00A5C1F5 /* BLTTripTests.m */ = {isa = PBXFileReference; fileEncoding = 4; lastKnownFileType = sourcecode.c.objc; path = BLTTripTests.m; sourceTree = "<group>"; };
		D31D081C1ADA0C22006D95C7 /* BLTStatisticsSummary.h */ = {isa = PBXFileReference; fileEncoding = 4; lastKnownFileType = sourcecode.c.h; path = BLTStatisticsSummary.h; sourceTree = "<group>"; };
		D31D081D1ADA0C22006D95C7 /* BLTStatisticsSummary.m */ = {isa = PBXFileReference; fileEncoding = 4; lastKnownFileType = sourcecode.c.objc; path = BLTStatisticsSummary.m; sourceTree = "<group>"; };
		D31D081F1ADA0F3F006D95C7 /* BLTStatisticsSummaryTests.m */ = {isa = PBXFileReference; fileEncoding = 4; lastKnownFileType = sourcecode.c.objc; path = BLTStatisticsSummaryTests.m; sourceTree = "<group>"; };
		D31D08241ADAC900006D95C7 /* BLTTripSummaryTableViewCell.h */ = {isa = PBXFileReference; fileEncoding = 4; lastKnownFileType = sourcecode.c.h; path = BLTTripSummaryTableViewCell.h; sourceTree = "<group>"; };
		D31D08251ADAC900006D95C7 /* BLTTripSummaryTableViewCell.m */ = {isa = PBXFileReference; fileEncoding = 4; lastKnownFileType = sourcecode.c.objc; path = BLTTripSummaryTableViewCell.m; sourceTree = "<group>"; };
		D31D08271ADAD2DE006D95C7 /* BLTGroupedItems.h */ = {isa = PBXFileReference; fileEncoding = 4; lastKnownFileType = sourcecode.c.h; path = BLTGroupedItems.h; sourceTree = "<group>"; };
		D31D08281ADAD2DE006D95C7 /* BLTGroupedItems.m */ = {isa = PBXFileReference; fileEncoding = 4; lastKnownFileType = sourcecode.c.objc; path = BLTGroupedItems.m; sourceTree = "<group>"; };
		D31D082A1ADADAB8006D95C7 /* BLTTripGroupsTests.m */ = {isa = PBXFileReference; fileEncoding = 4; lastKnownFileType = sourcecode.c.objc; path = BLTTripGroupsTests.m; sourceTree = "<group>"; };
		D33228411B121AC200A9578F /* BLTGraphViewController.h */ = {isa = PBXFileReference; fileEncoding = 4; lastKnownFileType = sourcecode.c.h; path = BLTGraphViewController.h; sourceTree = "<group>"; };
		D33228421B121AC200A9578F /* BLTGraphViewController.m */ = {isa = PBXFileReference; fileEncoding = 4; lastKnownFileType = sourcecode.c.objc; path = BLTGraphViewController.m; sourceTree = "<group>"; };
		D376BB171ACFAB9F00DD5EF1 /* BLTMapViewController.h */ = {isa = PBXFileReference; fileEncoding = 4; lastKnownFileType = sourcecode.c.h; path = BLTMapViewController.h; sourceTree = "<group>"; };
		D376BB181ACFAB9F00DD5EF1 /* BLTMapViewController.m */ = {isa = PBXFileReference; fileEncoding = 4; lastKnownFileType = sourcecode.c.objc; path = BLTMapViewController.m; sourceTree = "<group>"; };
		D376BB1A1ACFACBF00DD5EF1 /* MapKit.framework */ = {isa = PBXFileReference; lastKnownFileType = wrapper.framework; name = MapKit.framework; path = System/Library/Frameworks/MapKit.framework; sourceTree = SDKROOT; };
		D396A48D1ACFB2F40021D0B4 /* BLTTrip.h */ = {isa = PBXFileReference; fileEncoding = 4; lastKnownFileType = sourcecode.c.h; path = BLTTrip.h; sourceTree = "<group>"; };
		D396A48E1ACFB2F40021D0B4 /* BLTTrip.m */ = {isa = PBXFileReference; fileEncoding = 4; lastKnownFileType = sourcecode.c.objc; path = BLTTrip.m; sourceTree = "<group>"; };
		D3A82D241ACD04BA00C030EC /* BLTDatabase.h */ = {isa = PBXFileReference; fileEncoding = 4; lastKnownFileType = sourcecode.c.h; path = BLTDatabase.h; sourceTree = "<group>"; };
		D3A82D251ACD04BA00C030EC /* BLTDatabase.m */ = {isa = PBXFileReference; fileEncoding = 4; lastKnownFileType = sourcecode.c.objc; path = BLTDatabase.m; sourceTree = "<group>"; };
		D3A82D271ACD05A300C030EC /* BLTLocationsTableViewController.h */ = {isa = PBXFileReference; fileEncoding = 4; lastKnownFileType = sourcecode.c.h; path = BLTLocationsTableViewController.h; sourceTree = "<group>"; };
		D3A82D281ACD05A300C030EC /* BLTLocationsTableViewController.m */ = {isa = PBXFileReference; fileEncoding = 4; lastKnownFileType = sourcecode.c.objc; path = BLTLocationsTableViewController.m; sourceTree = "<group>"; };
		D3A82D2A1ACD142E00C030EC /* BLTVisit.h */ = {isa = PBXFileReference; fileEncoding = 4; lastKnownFileType = sourcecode.c.h; path = BLTVisit.h; sourceTree = "<group>"; };
		D3A82D2B1ACD142E00C030EC /* BLTVisit.m */ = {isa = PBXFileReference; fileEncoding = 4; lastKnownFileType = sourcecode.c.objc; path = BLTVisit.m; sourceTree = "<group>"; };
		D3A82D2D1ACD181200C030EC /* BLTVisitsTableViewController.h */ = {isa = PBXFileReference; fileEncoding = 4; lastKnownFileType = sourcecode.c.h; path = BLTVisitsTableViewController.h; sourceTree = "<group>"; };
		D3A82D2E1ACD181200C030EC /* BLTVisitsTableViewController.m */ = {isa = PBXFileReference; fileEncoding = 4; lastKnownFileType = sourcecode.c.objc; path = BLTVisitsTableViewController.m; sourceTree = "<group>"; };
		D3C9E7661AFFAF7F005C3878 /* BLTFormattingHelpers.h */ = {isa = PBXFileReference; fileEncoding = 4; lastKnownFileType = sourcecode.c.h; path = BLTFormattingHelpers.h; sourceTree = "<group>"; };
		D3C9E7671AFFAF7F005C3878 /* BLTFormattingHelpers.m */ = {isa = PBXFileReference; fileEncoding = 4; lastKnownFileType = sourcecode.c.objc; path = BLTFormattingHelpers.m; sourceTree = "<group>"; };
		D3C9E7691B00FF0A005C3878 /* BLTLocationRecordsTableViewController.h */ = {isa = PBXFileReference; fileEncoding = 4; lastKnownFileType = sourcecode.c.h; path = BLTLocationRecordsTableViewController.h; sourceTree = "<group>"; };
		D3C9E76A1B00FF0A005C3878 /* BLTLocationRecordsTableViewController.m */ = {isa = PBXFileReference; fileEncoding = 4; lastKnownFileType = sourcecode.c.objc; path = BLTLocationRecordsTableViewController.m; sourceTree = "<group>"; };
		D3C9E76C1B030036005C3878 /* BLTLocationSegment.h */ = {isa = PBXFileReference; fileEncoding = 4; indentWidth = 2; lastKnownFileType = sourcecode.c.h; path = BLTLocationSegment.h; sourceTree = "<group>"; tabWidth = 2; usesTabs = 0; wrapsLines = 1; };
		D3C9E76D1B030036005C3878 /* BLTLocationSegment.m */ = {isa = PBXFileReference; fileEncoding = 4; indentWidth = 2; lastKnownFileType = sourcecode.c.objc; path = BLTLocationSegment.m; sourceTree = "<group>"; tabWidth = 2; usesTabs = 0; wrapsLines = 1; };
		D3C9E76F1B0311F5005C3878 /* BLTPlaceVisit.h */ = {isa = PBXFileReference; fileEncoding = 4; lastKnownFileType = sourcecode.c.h; path = BLTPlaceVisit.h; sourceTree = "<group>"; };
		D3C9E7701B0311F5005C3878 /* BLTPlaceVisit.m */ = {isa = PBXFileReference; fileEncoding = 4; lastKnownFileType = sourcecode.c.objc; path = BLTPlaceVisit.m; sourceTree = "<group>"; };
		D3C9E7721B0315D9005C3878 /* BLTLocationSlidingWindow.h */ = {isa = PBXFileReference; fileEncoding = 4; lastKnownFileType = sourcecode.c.h; path = BLTLocationSlidingWindow.h; sourceTree = "<group>"; };
		D3C9E7731B0315D9005C3878 /* BLTLocationSlidingWindow.m */ = {isa = PBXFileReference; fileEncoding = 4; lastKnownFileType = sourcecode.c.objc; path = BLTLocationSlidingWindow.m; sourceTree = "<group>"; };
		D3C9E7781B037999005C3878 /* BLTPlaceDetectionStrategy.h */ = {isa = PBXFileReference; fileEncoding = 4; lastKnownFileType = sourcecode.c.h; path = BLTPlaceDetectionStrategy.h; sourceTree = "<group>"; };
		D3C9E77B1B037C3F005C3878 /* BLTGridStrategy.h */ = {isa = PBXFileReference; fileEncoding = 4; lastKnownFileType = sourcecode.c.h; path = BLTGridStrategy.h; sourceTree = "<group>"; };
		D3C9E77C1B037C3F005C3878 /* BLTGridStrategy.m */ = {isa = PBXFileReference; fileEncoding = 4; lastKnownFileType = sourcecode.c.objc; path = BLTGridStrategy.m; sourceTree = "<group>"; };
		D3D6F6B31AD1B6FF00EE8723 /* BLTLogRecord.h */ = {isa = PBXFileReference; fileEncoding = 4; lastKnownFileType = sourcecode.c.h; path = BLTLogRecord.h; sourceTree = "<group>"; };
		D3D6F6B41AD1B6FF00EE8723 /* BLTLogRecord.m */ = {isa = PBXFileReference; fileEncoding = 4; lastKnownFileType = sourcecode.c.objc; path = BLTLogRecord.m; sourceTree = "<group>"; };
		D3D6F6B61AD1BB4D00EE8723 /* BLTLogRecordsTableViewController.h */ = {isa = PBXFileReference; fileEncoding = 4; lastKnownFileType = sourcecode.c.h; path = BLTLogRecordsTableViewController.h; sourceTree = "<group>"; };
		D3D6F6B71AD1BB4D00EE8723 /* BLTLogRecordsTableViewController.m */ = {isa = PBXFileReference; fileEncoding = 4; lastKnownFileType = sourcecode.c.objc; path = BLTLogRecordsTableViewController.m; sourceTree = "<group>"; };
		D3D7BF271AD87BE600BCC4CE /* BLTLocationDataSummary.h */ = {isa = PBXFileReference; fileEncoding = 4; lastKnownFileType = sourcecode.c.h; path = BLTLocationDataSummary.h; sourceTree = "<group>"; };
		D3D7BF281AD87BE600BCC4CE /* BLTLocationDataSummary.m */ = {isa = PBXFileReference; fileEncoding = 4; lastKnownFileType = sourcecode.c.objc; path = BLTLocationDataSummary.m; sourceTree = "<group>"; };
		D3DD8DAE1AEBEBB1001882D1 /* BLTGridSummariesTableViewController.h */ = {isa = PBXFileReference; fileEncoding = 4; lastKnownFileType = sourcecode.c.h; path = BLTGridSummariesTableViewController.h; sourceTree = "<group>"; };
		D3DD8DAF1AEBEBB1001882D1 /* BLTGridSummariesTableViewController.m */ = {isa = PBXFileReference; fileEncoding = 4; lastKnownFileType = sourcecode.c.objc; path = BLTGridSummariesTableViewController.m; sourceTree = "<group>"; };
		D3DD8DB21AEBF0A5001882D1 /* Base */ = {isa = PBXFileReference; lastKnownFileType = file.storyboard; name = Base; path = Base.lproj/Main.storyboard; sourceTree = "<group>"; };
		D3F2B8D81ACFB93E0035E028 /* BLTTripsTableViewController.h */ = {isa = PBXFileReference; fileEncoding = 4; lastKnownFileType = sourcecode.c.h; path = BLTTripsTableViewController.h; sourceTree = "<group>"; };
		D3F2B8D91ACFB93E0035E028 /* BLTTripsTableViewController.m */ = {isa = PBXFileReference; fileEncoding = 4; lastKnownFileType = sourcecode.c.objc; path = BLTTripsTableViewController.m; sourceTree = "<group>"; };
		D56C2AB31ADEE7AC00F5899C /* BLTMotionActivity.h */ = {isa = PBXFileReference; fileEncoding = 4; lastKnownFileType = sourcecode.c.h; path = BLTMotionActivity.h; sourceTree = "<group>"; };
		D56C2AB41ADEE7AC00F5899C /* BLTMotionActivity.m */ = {isa = PBXFileReference; fileEncoding = 4; lastKnownFileType = sourcecode.c.objc; path = BLTMotionActivity.m; sourceTree = "<group>"; };
		D56C2AB61ADEEC7100F5899C /* BLTMotionActivitesTableViewController.h */ = {isa = PBXFileReference; fileEncoding = 4; lastKnownFileType = sourcecode.c.h; path = BLTMotionActivitesTableViewController.h; sourceTree = "<group>"; };
		D56C2AB71ADEEC7100F5899C /* BLTMotionActivitesTableViewController.m */ = {isa = PBXFileReference; fileEncoding = 4; lastKnownFileType = sourcecode.c.objc; path = BLTMotionActivitesTableViewController.m; sourceTree = "<group>"; };
		D5B2F5E11ADECD8300D56CD2 /* BLTLocationHelpers.h */ = {isa = PBXFileReference; fileEncoding = 4; lastKnownFileType = sourcecode.c.h; path = BLTLocationHelpers.h; sourceTree = "<group>"; };
		D5B2F5E21ADECD8300D56CD2 /* BLTLocationHelpers.m */ = {isa = PBXFileReference; fileEncoding = 4; lastKnownFileType = sourcecode.c.objc; path = BLTLocationHelpers.m; sourceTree = "<group>"; };
/* End PBXFileReference section */

/* Begin PBXFrameworksBuildPhase section */
		D301976D1ACCF6DD00AF466B /* Frameworks */ = {
			isa = PBXFrameworksBuildPhase;
			buildActionMask = 2147483647;
			files = (
				D376BB1B1ACFACBF00DD5EF1 /* MapKit.framework in Frameworks */,
				D3D271739FB48C1D416CA6F5 /* libPods-background-location-test.a in Frameworks */,
			);
			runOnlyForDeploymentPostprocessing = 0;
		};
		D30197891ACCF6DD00AF466B /* Frameworks */ = {
			isa = PBXFrameworksBuildPhase;
			buildActionMask = 2147483647;
			files = (
			);
			runOnlyForDeploymentPostprocessing = 0;
		};
/* End PBXFrameworksBuildPhase section */

/* Begin PBXGroup section */
		20A43731D6742879370747CF /* Pods */ = {
			isa = PBXGroup;
			children = (
				38D88F8C9A8379324B96003B /* Pods-background-location-test.debug.xcconfig */,
				9B37E639C5FA45FC3B609B0A /* Pods-background-location-test.release.xcconfig */,
			);
			name = Pods;
			sourceTree = "<group>";
		};
		D30197671ACCF6DD00AF466B = {
			isa = PBXGroup;
			children = (
				D376BB1A1ACFACBF00DD5EF1 /* MapKit.framework */,
				D30197721ACCF6DD00AF466B /* background-location-test */,
				D301978F1ACCF6DD00AF466B /* background-location-testTests */,
				D30197711ACCF6DD00AF466B /* Products */,
				20A43731D6742879370747CF /* Pods */,
				F0B54B7249D01286D93647F6 /* Frameworks */,
			);
			indentWidth = 2;
			sourceTree = "<group>";
			tabWidth = 2;
		};
		D30197711ACCF6DD00AF466B /* Products */ = {
			isa = PBXGroup;
			children = (
				D30197701ACCF6DD00AF466B /* background-location-test.app */,
				D301978C1ACCF6DD00AF466B /* background-location-testTests.xctest */,
			);
			name = Products;
			sourceTree = "<group>";
		};
		D30197721ACCF6DD00AF466B /* background-location-test */ = {
			isa = PBXGroup;
			children = (
				D30197771ACCF6DD00AF466B /* AppDelegate.h */,
				D30197781ACCF6DD00AF466B /* AppDelegate.m */,
				D301977A1ACCF6DD00AF466B /* background_location_test.xcdatamodeld */,
				D3A82D241ACD04BA00C030EC /* BLTDatabase.h */,
				D3A82D251ACD04BA00C030EC /* BLTDatabase.m */,
				D3C9E7661AFFAF7F005C3878 /* BLTFormattingHelpers.h */,
				D3C9E7671AFFAF7F005C3878 /* BLTFormattingHelpers.m */,
				D33228411B121AC200A9578F /* BLTGraphViewController.h */,
				D33228421B121AC200A9578F /* BLTGraphViewController.m */,
				D3C9E77B1B037C3F005C3878 /* BLTGridStrategy.h */,
				D3C9E77C1B037C3F005C3878 /* BLTGridStrategy.m */,
				D3DD8DAE1AEBEBB1001882D1 /* BLTGridSummariesTableViewController.h */,
				D3DD8DAF1AEBEBB1001882D1 /* BLTGridSummariesTableViewController.m */,
				D31D08271ADAD2DE006D95C7 /* BLTGroupedItems.h */,
				D31D08281ADAD2DE006D95C7 /* BLTGroupedItems.m */,
				D301979F1ACD011300AF466B /* BLTLocation.h */,
				D30197A01ACD011300AF466B /* BLTLocation.m */,
				D3D7BF271AD87BE600BCC4CE /* BLTLocationDataSummary.h */,
				D3D7BF281AD87BE600BCC4CE /* BLTLocationDataSummary.m */,
				D5B2F5E11ADECD8300D56CD2 /* BLTLocationHelpers.h */,
				D5B2F5E21ADECD8300D56CD2 /* BLTLocationHelpers.m */,
				D301979C1ACCF8CE00AF466B /* BLTLocationManager.h */,
				D301979D1ACCF8CE00AF466B /* BLTLocationManager.m */,
				D3C9E7691B00FF0A005C3878 /* BLTLocationRecordsTableViewController.h */,
				D3C9E76A1B00FF0A005C3878 /* BLTLocationRecordsTableViewController.m */,
				D3C9E76C1B030036005C3878 /* BLTLocationSegment.h */,
				D3C9E76D1B030036005C3878 /* BLTLocationSegment.m */,
				D3C9E7721B0315D9005C3878 /* BLTLocationSlidingWindow.h */,
				D3C9E7731B0315D9005C3878 /* BLTLocationSlidingWindow.m */,
				D3A82D271ACD05A300C030EC /* BLTLocationsTableViewController.h */,
				D3A82D281ACD05A300C030EC /* BLTLocationsTableViewController.m */,
				D3D6F6B31AD1B6FF00EE8723 /* BLTLogRecord.h */,
				D3D6F6B41AD1B6FF00EE8723 /* BLTLogRecord.m */,
				D3D6F6B61AD1BB4D00EE8723 /* BLTLogRecordsTableViewController.h */,
				D3D6F6B71AD1BB4D00EE8723 /* BLTLogRecordsTableViewController.m */,
				D376BB171ACFAB9F00DD5EF1 /* BLTMapViewController.h */,
				D376BB181ACFAB9F00DD5EF1 /* BLTMapViewController.m */,
				D56C2AB61ADEEC7100F5899C /* BLTMotionActivitesTableViewController.h */,
				D56C2AB71ADEEC7100F5899C /* BLTMotionActivitesTableViewController.m */,
				D56C2AB31ADEE7AC00F5899C /* BLTMotionActivity.h */,
				D56C2AB41ADEE7AC00F5899C /* BLTMotionActivity.m */,
				D3C9E7781B037999005C3878 /* BLTPlaceDetectionStrategy.h */,
				D3C9E76F1B0311F5005C3878 /* BLTPlaceVisit.h */,
				D3C9E7701B0311F5005C3878 /* BLTPlaceVisit.m */,
				D31D081C1ADA0C22006D95C7 /* BLTStatisticsSummary.h */,
				D31D081D1ADA0C22006D95C7 /* BLTStatisticsSummary.m */,
				D396A48D1ACFB2F40021D0B4 /* BLTTrip.h */,
				D396A48E1ACFB2F40021D0B4 /* BLTTrip.m */,
				D3F2B8D81ACFB93E0035E028 /* BLTTripsTableViewController.h */,
				D3F2B8D91ACFB93E0035E028 /* BLTTripsTableViewController.m */,
				D31D08241ADAC900006D95C7 /* BLTTripSummaryTableViewCell.h */,
				D31D08251ADAC900006D95C7 /* BLTTripSummaryTableViewCell.m */,
				D3A82D2A1ACD142E00C030EC /* BLTVisit.h */,
				D3A82D2B1ACD142E00C030EC /* BLTVisit.m */,
				D3A82D2D1ACD181200C030EC /* BLTVisitsTableViewController.h */,
				D3A82D2E1ACD181200C030EC /* BLTVisitsTableViewController.m */,
				D30197831ACCF6DD00AF466B /* Images.xcassets */,
				D30197851ACCF6DD00AF466B /* LaunchScreen.xib */,
				D3DD8DB11AEBF0A5001882D1 /* Main.storyboard */,
				D30197731ACCF6DD00AF466B /* Supporting Files */,
			);
			path = "background-location-test";
			sourceTree = "<group>";
		};
		D30197731ACCF6DD00AF466B /* Supporting Files */ = {
			isa = PBXGroup;
			children = (
				D30197741ACCF6DD00AF466B /* Info.plist */,
				D30197751ACCF6DD00AF466B /* main.m */,
			);
			name = "Supporting Files";
			sourceTree = "<group>";
		};
		D301978F1ACCF6DD00AF466B /* background-location-testTests */ = {
			isa = PBXGroup;
			children = (
				D30197921ACCF6DD00AF466B /* background_location_testTests.m */,
				D30197901ACCF6DD00AF466B /* Supporting Files */,
				D31D081F1ADA0F3F006D95C7 /* BLTStatisticsSummaryTests.m */,
				D31D082A1ADADAB8006D95C7 /* BLTTripGroupsTests.m */,
				D3099DF11ADB751D00A5C1F5 /* BLTTripTests.m */,
			);
			path = "background-location-testTests";
			sourceTree = "<group>";
		};
		D30197901ACCF6DD00AF466B /* Supporting Files */ = {
			isa = PBXGroup;
			children = (
				D30197911ACCF6DD00AF466B /* Info.plist */,
			);
			name = "Supporting Files";
			sourceTree = "<group>";
		};
		F0B54B7249D01286D93647F6 /* Frameworks */ = {
			isa = PBXGroup;
			children = (
				39A6383733151521E95DFC69 /* libPods-background-location-test.a */,
			);
			name = Frameworks;
			sourceTree = "<group>";
		};
/* End PBXGroup section */

/* Begin PBXNativeTarget section */
		D301976F1ACCF6DD00AF466B /* background-location-test */ = {
			isa = PBXNativeTarget;
			buildConfigurationList = D30197961ACCF6DD00AF466B /* Build configuration list for PBXNativeTarget "background-location-test" */;
			buildPhases = (
				78BC2BDF8EC80673556E0FBA /* Check Pods Manifest.lock */,
				D301976C1ACCF6DD00AF466B /* Sources */,
				D301976D1ACCF6DD00AF466B /* Frameworks */,
				D301976E1ACCF6DD00AF466B /* Resources */,
				51CDFEFFC752CD082C58F4F2 /* Copy Pods Resources */,
			);
			buildRules = (
			);
			dependencies = (
			);
			name = "background-location-test";
			productName = "background-location-test";
			productReference = D30197701ACCF6DD00AF466B /* background-location-test.app */;
			productType = "com.apple.product-type.application";
		};
		D301978B1ACCF6DD00AF466B /* background-location-testTests */ = {
			isa = PBXNativeTarget;
			buildConfigurationList = D30197991ACCF6DD00AF466B /* Build configuration list for PBXNativeTarget "background-location-testTests" */;
			buildPhases = (
				D30197881ACCF6DD00AF466B /* Sources */,
				D30197891ACCF6DD00AF466B /* Frameworks */,
				D301978A1ACCF6DD00AF466B /* Resources */,
			);
			buildRules = (
			);
			dependencies = (
				D301978E1ACCF6DD00AF466B /* PBXTargetDependency */,
			);
			name = "background-location-testTests";
			productName = "background-location-testTests";
			productReference = D301978C1ACCF6DD00AF466B /* background-location-testTests.xctest */;
			productType = "com.apple.product-type.bundle.unit-test";
		};
/* End PBXNativeTarget section */

/* Begin PBXProject section */
		D30197681ACCF6DD00AF466B /* Project object */ = {
			isa = PBXProject;
			attributes = {
				CLASSPREFIX = BLT;
				LastUpgradeCheck = 0700;
				ORGANIZATIONNAME = "Brian's Brain";
				TargetAttributes = {
					D301976F1ACCF6DD00AF466B = {
						CreatedOnToolsVersion = 6.2;
						DevelopmentTeam = K2UU8WDD8H;
						SystemCapabilities = {
							com.apple.BackgroundModes = {
								enabled = 1;
							};
						};
					};
					D301978B1ACCF6DD00AF466B = {
						CreatedOnToolsVersion = 6.2;
						TestTargetID = D301976F1ACCF6DD00AF466B;
					};
				};
			};
			buildConfigurationList = D301976B1ACCF6DD00AF466B /* Build configuration list for PBXProject "background-location-test" */;
			compatibilityVersion = "Xcode 3.2";
			developmentRegion = English;
			hasScannedForEncodings = 0;
			knownRegions = (
				en,
				Base,
			);
			mainGroup = D30197671ACCF6DD00AF466B;
			productRefGroup = D30197711ACCF6DD00AF466B /* Products */;
			projectDirPath = "";
			projectRoot = "";
			targets = (
				D301976F1ACCF6DD00AF466B /* background-location-test */,
				D301978B1ACCF6DD00AF466B /* background-location-testTests */,
			);
		};
/* End PBXProject section */

/* Begin PBXResourcesBuildPhase section */
		D301976E1ACCF6DD00AF466B /* Resources */ = {
			isa = PBXResourcesBuildPhase;
			buildActionMask = 2147483647;
			files = (
				D3DD8DB31AEBF0A5001882D1 /* Main.storyboard in Resources */,
				D30197871ACCF6DD00AF466B /* LaunchScreen.xib in Resources */,
				D30197841ACCF6DD00AF466B /* Images.xcassets in Resources */,
			);
			runOnlyForDeploymentPostprocessing = 0;
		};
		D301978A1ACCF6DD00AF466B /* Resources */ = {
			isa = PBXResourcesBuildPhase;
			buildActionMask = 2147483647;
			files = (
			);
			runOnlyForDeploymentPostprocessing = 0;
		};
/* End PBXResourcesBuildPhase section */

/* Begin PBXShellScriptBuildPhase section */
		51CDFEFFC752CD082C58F4F2 /* Copy Pods Resources */ = {
			isa = PBXShellScriptBuildPhase;
			buildActionMask = 2147483647;
			files = (
			);
			inputPaths = (
			);
			name = "Copy Pods Resources";
			outputPaths = (
			);
			runOnlyForDeploymentPostprocessing = 0;
			shellPath = /bin/sh;
			shellScript = "\"${SRCROOT}/Pods/Target Support Files/Pods-background-location-test/Pods-background-location-test-resources.sh\"\n";
			showEnvVarsInLog = 0;
		};
		78BC2BDF8EC80673556E0FBA /* Check Pods Manifest.lock */ = {
			isa = PBXShellScriptBuildPhase;
			buildActionMask = 2147483647;
			files = (
			);
			inputPaths = (
			);
			name = "Check Pods Manifest.lock";
			outputPaths = (
			);
			runOnlyForDeploymentPostprocessing = 0;
			shellPath = /bin/sh;
			shellScript = "diff \"${PODS_ROOT}/../Podfile.lock\" \"${PODS_ROOT}/Manifest.lock\" > /dev/null\nif [[ $? != 0 ]] ; then\n    cat << EOM\nerror: The sandbox is not in sync with the Podfile.lock. Run 'pod install' or update your CocoaPods installation.\nEOM\n    exit 1\nfi\n";
			showEnvVarsInLog = 0;
		};
/* End PBXShellScriptBuildPhase section */

/* Begin PBXSourcesBuildPhase section */
		D301976C1ACCF6DD00AF466B /* Sources */ = {
			isa = PBXSourcesBuildPhase;
			buildActionMask = 2147483647;
			files = (
				D33228431B121AC200A9578F /* BLTGraphViewController.m in Sources */,
				D301979E1ACCF8CE00AF466B /* BLTLocationManager.m in Sources */,
				D301977C1ACCF6DD00AF466B /* background_location_test.xcdatamodeld in Sources */,
				D376BB191ACFAB9F00DD5EF1 /* BLTMapViewController.m in Sources */,
				D30197791ACCF6DD00AF466B /* AppDelegate.m in Sources */,
				D31D08261ADAC900006D95C7 /* BLTTripSummaryTableViewCell.m in Sources */,
				D396A48F1ACFB2F40021D0B4 /* BLTTrip.m in Sources */,
				D3C9E77D1B037C3F005C3878 /* BLTGridStrategy.m in Sources */,
				D30197A11ACD011300AF466B /* BLTLocation.m in Sources */,
				D31D08291ADAD2DE006D95C7 /* BLTGroupedItems.m in Sources */,
				D3DD8DB01AEBEBB1001882D1 /* BLTGridSummariesTableViewController.m in Sources */,
				D3A82D261ACD04BA00C030EC /* BLTDatabase.m in Sources */,
				D3A82D2F1ACD181200C030EC /* BLTVisitsTableViewController.m in Sources */,
				D30197761ACCF6DD00AF466B /* main.m in Sources */,
				D56C2AB51ADEE7AC00F5899C /* BLTMotionActivity.m in Sources */,
				D3A82D2C1ACD142E00C030EC /* BLTVisit.m in Sources */,
				D3D6F6B81AD1BB4D00EE8723 /* BLTLogRecordsTableViewController.m in Sources */,
				D3D7BF291AD87BE600BCC4CE /* BLTLocationDataSummary.m in Sources */,
				D3C9E7681AFFAF7F005C3878 /* BLTFormattingHelpers.m in Sources */,
				D56C2AB81ADEEC7100F5899C /* BLTMotionActivitesTableViewController.m in Sources */,
				D31D081E1ADA0C22006D95C7 /* BLTStatisticsSummary.m in Sources */,
				D3C9E76B1B00FF0A005C3878 /* BLTLocationRecordsTableViewController.m in Sources */,
				D3C9E76E1B030036005C3878 /* BLTLocationSegment.m in Sources */,
				D3D6F6B51AD1B6FF00EE8723 /* BLTLogRecord.m in Sources */,
				D3A82D291ACD05A300C030EC /* BLTLocationsTableViewController.m in Sources */,
				D5B2F5E31ADECD8300D56CD2 /* BLTLocationHelpers.m in Sources */,
				D3C9E7711B0311F5005C3878 /* BLTPlaceVisit.m in Sources */,
				D3C9E7741B0315D9005C3878 /* BLTLocationSlidingWindow.m in Sources */,
				D3F2B8DA1ACFB93E0035E028 /* BLTTripsTableViewController.m in Sources */,
			);
			runOnlyForDeploymentPostprocessing = 0;
		};
		D30197881ACCF6DD00AF466B /* Sources */ = {
			isa = PBXSourcesBuildPhase;
			buildActionMask = 2147483647;
			files = (
				D31D08201ADA0F3F006D95C7 /* BLTStatisticsSummaryTests.m in Sources */,
				D3099DF21ADB751D00A5C1F5 /* BLTTripTests.m in Sources */,
				D31D082B1ADADAB8006D95C7 /* BLTTripGroupsTests.m in Sources */,
				D30197931ACCF6DD00AF466B /* background_location_testTests.m in Sources */,
			);
			runOnlyForDeploymentPostprocessing = 0;
		};
/* End PBXSourcesBuildPhase section */

/* Begin PBXTargetDependency section */
		D301978E1ACCF6DD00AF466B /* PBXTargetDependency */ = {
			isa = PBXTargetDependency;
			target = D301976F1ACCF6DD00AF466B /* background-location-test */;
			targetProxy = D301978D1ACCF6DD00AF466B /* PBXContainerItemProxy */;
		};
/* End PBXTargetDependency section */

/* Begin PBXVariantGroup section */
		D30197851ACCF6DD00AF466B /* LaunchScreen.xib */ = {
			isa = PBXVariantGroup;
			children = (
				D30197861ACCF6DD00AF466B /* Base */,
			);
			name = LaunchScreen.xib;
			sourceTree = "<group>";
		};
		D3DD8DB11AEBF0A5001882D1 /* Main.storyboard */ = {
			isa = PBXVariantGroup;
			children = (
				D3DD8DB21AEBF0A5001882D1 /* Base */,
			);
			name = Main.storyboard;
			sourceTree = "<group>";
		};
/* End PBXVariantGroup section */

/* Begin XCBuildConfiguration section */
		D30197941ACCF6DD00AF466B /* Debug */ = {
			isa = XCBuildConfiguration;
			buildSettings = {
				ALWAYS_SEARCH_USER_PATHS = NO;
				CLANG_CXX_LANGUAGE_STANDARD = "gnu++0x";
				CLANG_CXX_LIBRARY = "libc++";
				CLANG_ENABLE_MODULES = YES;
				CLANG_ENABLE_OBJC_ARC = YES;
				CLANG_WARN_BOOL_CONVERSION = YES;
				CLANG_WARN_CONSTANT_CONVERSION = YES;
				CLANG_WARN_DIRECT_OBJC_ISA_USAGE = YES_ERROR;
				CLANG_WARN_EMPTY_BODY = YES;
				CLANG_WARN_ENUM_CONVERSION = YES;
				CLANG_WARN_INT_CONVERSION = YES;
				CLANG_WARN_OBJC_ROOT_CLASS = YES_ERROR;
				CLANG_WARN_UNREACHABLE_CODE = YES;
				CLANG_WARN__DUPLICATE_METHOD_MATCH = YES;
				"CODE_SIGN_IDENTITY[sdk=iphoneos*]" = "iPhone Developer";
				COPY_PHASE_STRIP = NO;
				ENABLE_STRICT_OBJC_MSGSEND = YES;
				ENABLE_TESTABILITY = YES;
				GCC_C_LANGUAGE_STANDARD = gnu99;
				GCC_DYNAMIC_NO_PIC = NO;
				GCC_OPTIMIZATION_LEVEL = 0;
				GCC_PREPROCESSOR_DEFINITIONS = (
					"DEBUG=1",
					"$(inherited)",
				);
				GCC_SYMBOLS_PRIVATE_EXTERN = NO;
				GCC_WARN_64_TO_32_BIT_CONVERSION = YES;
				GCC_WARN_ABOUT_RETURN_TYPE = YES_ERROR;
				GCC_WARN_UNDECLARED_SELECTOR = YES;
				GCC_WARN_UNINITIALIZED_AUTOS = YES_AGGRESSIVE;
				GCC_WARN_UNUSED_FUNCTION = YES;
				GCC_WARN_UNUSED_VARIABLE = YES;
				IPHONEOS_DEPLOYMENT_TARGET = 8.2;
				MTL_ENABLE_DEBUG_INFO = YES;
				ONLY_ACTIVE_ARCH = YES;
				SDKROOT = iphoneos;
				TARGETED_DEVICE_FAMILY = "1,2";
			};
			name = Debug;
		};
		D30197951ACCF6DD00AF466B /* Release */ = {
			isa = XCBuildConfiguration;
			buildSettings = {
				ALWAYS_SEARCH_USER_PATHS = NO;
				CLANG_CXX_LANGUAGE_STANDARD = "gnu++0x";
				CLANG_CXX_LIBRARY = "libc++";
				CLANG_ENABLE_MODULES = YES;
				CLANG_ENABLE_OBJC_ARC = YES;
				CLANG_WARN_BOOL_CONVERSION = YES;
				CLANG_WARN_CONSTANT_CONVERSION = YES;
				CLANG_WARN_DIRECT_OBJC_ISA_USAGE = YES_ERROR;
				CLANG_WARN_EMPTY_BODY = YES;
				CLANG_WARN_ENUM_CONVERSION = YES;
				CLANG_WARN_INT_CONVERSION = YES;
				CLANG_WARN_OBJC_ROOT_CLASS = YES_ERROR;
				CLANG_WARN_UNREACHABLE_CODE = YES;
				CLANG_WARN__DUPLICATE_METHOD_MATCH = YES;
				"CODE_SIGN_IDENTITY[sdk=iphoneos*]" = "iPhone Developer";
				COPY_PHASE_STRIP = NO;
				ENABLE_NS_ASSERTIONS = NO;
				ENABLE_STRICT_OBJC_MSGSEND = YES;
				GCC_C_LANGUAGE_STANDARD = gnu99;
				GCC_WARN_64_TO_32_BIT_CONVERSION = YES;
				GCC_WARN_ABOUT_RETURN_TYPE = YES_ERROR;
				GCC_WARN_UNDECLARED_SELECTOR = YES;
				GCC_WARN_UNINITIALIZED_AUTOS = YES_AGGRESSIVE;
				GCC_WARN_UNUSED_FUNCTION = YES;
				GCC_WARN_UNUSED_VARIABLE = YES;
				IPHONEOS_DEPLOYMENT_TARGET = 8.2;
				MTL_ENABLE_DEBUG_INFO = NO;
				SDKROOT = iphoneos;
				TARGETED_DEVICE_FAMILY = "1,2";
				VALIDATE_PRODUCT = YES;
			};
			name = Release;
		};
		D30197971ACCF6DD00AF466B /* Debug */ = {
			isa = XCBuildConfiguration;
			baseConfigurationReference = 38D88F8C9A8379324B96003B /* Pods-background-location-test.debug.xcconfig */;
			buildSettings = {
				ASSETCATALOG_COMPILER_APPICON_NAME = AppIcon;
				CODE_SIGN_IDENTITY = "iPhone Developer";
				"CODE_SIGN_IDENTITY[sdk=iphoneos*]" = "iPhone Developer";
				GCC_TREAT_WARNINGS_AS_ERRORS = YES;
				INFOPLIST_FILE = "background-location-test/Info.plist";
				LD_RUNPATH_SEARCH_PATHS = "$(inherited) @executable_path/Frameworks";
				PRODUCT_BUNDLE_IDENTIFIER = "org.brians-brain.$(PRODUCT_NAME:rfc1034identifier)";
				PRODUCT_NAME = "$(TARGET_NAME)";
				PROVISIONING_PROFILE = "";
			};
			name = Debug;
		};
		D30197981ACCF6DD00AF466B /* Release */ = {
			isa = XCBuildConfiguration;
			baseConfigurationReference = 9B37E639C5FA45FC3B609B0A /* Pods-background-location-test.release.xcconfig */;
			buildSettings = {
				ASSETCATALOG_COMPILER_APPICON_NAME = AppIcon;
				CODE_SIGN_IDENTITY = "iPhone Developer";
				"CODE_SIGN_IDENTITY[sdk=iphoneos*]" = "iPhone Developer";
				GCC_TREAT_WARNINGS_AS_ERRORS = YES;
				INFOPLIST_FILE = "background-location-test/Info.plist";
				LD_RUNPATH_SEARCH_PATHS = "$(inherited) @executable_path/Frameworks";
				PRODUCT_BUNDLE_IDENTIFIER = "org.brians-brain.$(PRODUCT_NAME:rfc1034identifier)";
				PRODUCT_NAME = "$(TARGET_NAME)";
				PROVISIONING_PROFILE = "";
			};
			name = Release;
		};
		D301979A1ACCF6DD00AF466B /* Debug */ = {
			isa = XCBuildConfiguration;
			buildSettings = {
				BUNDLE_LOADER = "$(TEST_HOST)";
				FRAMEWORK_SEARCH_PATHS = (
					"$(SDKROOT)/Developer/Library/Frameworks",
					"$(inherited)",
				);
				GCC_PREPROCESSOR_DEFINITIONS = (
					"DEBUG=1",
					"$(inherited)",
				);
				INFOPLIST_FILE = "background-location-testTests/Info.plist";
				LD_RUNPATH_SEARCH_PATHS = "$(inherited) @executable_path/Frameworks @loader_path/Frameworks";
				PRODUCT_BUNDLE_IDENTIFIER = "org.brians-brain.$(PRODUCT_NAME:rfc1034identifier)";
				PRODUCT_NAME = "$(TARGET_NAME)";
				TEST_HOST = "$(BUILT_PRODUCTS_DIR)/background-location-test.app/background-location-test";
			};
			name = Debug;
		};
		D301979B1ACCF6DD00AF466B /* Release */ = {
			isa = XCBuildConfiguration;
			buildSettings = {
				BUNDLE_LOADER = "$(TEST_HOST)";
				FRAMEWORK_SEARCH_PATHS = (
					"$(SDKROOT)/Developer/Library/Frameworks",
					"$(inherited)",
				);
				INFOPLIST_FILE = "background-location-testTests/Info.plist";
				LD_RUNPATH_SEARCH_PATHS = "$(inherited) @executable_path/Frameworks @loader_path/Frameworks";
				PRODUCT_BUNDLE_IDENTIFIER = "org.brians-brain.$(PRODUCT_NAME:rfc1034identifier)";
				PRODUCT_NAME = "$(TARGET_NAME)";
				TEST_HOST = "$(BUILT_PRODUCTS_DIR)/background-location-test.app/background-location-test";
			};
			name = Release;
		};
/* End XCBuildConfiguration section */

/* Begin XCConfigurationList section */
		D301976B1ACCF6DD00AF466B /* Build configuration list for PBXProject "background-location-test" */ = {
			isa = XCConfigurationList;
			buildConfigurations = (
				D30197941ACCF6DD00AF466B /* Debug */,
				D30197951ACCF6DD00AF466B /* Release */,
			);
			defaultConfigurationIsVisible = 0;
			defaultConfigurationName = Release;
		};
		D30197961ACCF6DD00AF466B /* Build configuration list for PBXNativeTarget "background-location-test" */ = {
			isa = XCConfigurationList;
			buildConfigurations = (
				D30197971ACCF6DD00AF466B /* Debug */,
				D30197981ACCF6DD00AF466B /* Release */,
			);
			defaultConfigurationIsVisible = 0;
			defaultConfigurationName = Release;
		};
		D30197991ACCF6DD00AF466B /* Build configuration list for PBXNativeTarget "background-location-testTests" */ = {
			isa = XCConfigurationList;
			buildConfigurations = (
				D301979A1ACCF6DD00AF466B /* Debug */,
				D301979B1ACCF6DD00AF466B /* Release */,
			);
			defaultConfigurationIsVisible = 0;
			defaultConfigurationName = Release;
		};
/* End XCConfigurationList section */

/* Begin XCVersionGroup section */
		D301977A1ACCF6DD00AF466B /* background_location_test.xcdatamodeld */ = {
			isa = XCVersionGroup;
			children = (
				D301977B1ACCF6DD00AF466B /* background_location_test.xcdatamodel */,
			);
			currentVersion = D301977B1ACCF6DD00AF466B /* background_location_test.xcdatamodel */;
			path = background_location_test.xcdatamodeld;
			sourceTree = "<group>";
			versionGroupType = wrapper.xcdatamodel;
		};
/* End XCVersionGroup section */
	};
	rootObject = D30197681ACCF6DD00AF466B /* Project object */;
}
